# This file is generated by running "yarn install" inside your project.
# Manual changes might be lost - proceed with caution!

__metadata:
  version: 5

"test-berry@workspace:.":
  version: 0.0.0-use.local
  resolution: "test-berry@workspace:."
  languageName: unknown
  linkType: soft

"test@workspace:packages/test":
  version: 0.0.0-use.local
  resolution: "test@workspace:packages/test"
  languageName: unknown
  linkType: soft
